<?xml version="1.0" encoding="UTF-8" standalone="yes" ?>
<CodeBlocks_project_file>
	<FileVersion major="1" minor="6" />
	<Project>
		<Option title="Projeto_BigInt" />
		<Option pch_mode="2" />
		<Option compiler="gcc" />
		<Build>
			<Target title="Debug">
				<Option output="bin/Debug/Projeto_BigInt" prefix_auto="1" extension_auto="1" />
				<Option object_output="obj/Debug/" />
				<Option type="1" />
				<Option compiler="gcc" />
				<Compiler>
					<Add option="-g" />
				</Compiler>
			</Target>
		</Build>
		<Compiler>
			<Add option="-Wall" />
			<Add option="-fexceptions" />
		</Compiler>
		<Unit filename="bigint-main.cpp" />
		<Unit filename="bigint.cpp" />
		<Unit filename="bigint.h" />
		<Unit filename="teste1.cpp">
			<Option compile="0" />
			<Option link="0" />
		</Unit>
		<Unit filename="teste2.cpp">
			<Option compile="0" />
			<Option link="0" />
		</Unit>
		<Unit filename="teste3.cpp">
			<Option compile="0" />
			<Option link="0" />
		</Unit>
		<Unit filename="teste4.cpp">
			<Option compile="0" />
			<Option link="0" />
		</Unit>
		<Unit filename="teste5.cpp">
			<Option compile="0" />
			<Option link="0" />
		</Unit>
		<Unit filename="teste6.cpp">
			<Option compile="0" />
			<Option link="0" />
		</Unit>
		<Unit filename="teste7.cpp">
			<Option compile="0" />
			<Option link="0" />
		</Unit>
		<Unit filename="teste8.cpp">
			<Option compile="0" />
			<Option link="0" />
		</Unit>
		<Extensions>
			<lib_finder disable_auto="1" />
		</Extensions>
	</Project>
</CodeBlocks_project_file>
